
Microsoft Visual Studio Solution File, Format Version 12.00
# Visual Studio Version 16
VisualStudioVersion = 16.0.29926.136
MinimumVisualStudioVersion = 10.0.40219.1
Project("{9A19103F-16F7-4668-BE54-9A1E7A4F7556}") = "bigsort", "bigsort\bigsort.csproj", "{FCDC9ADE-5DF1-465A-B430-CD121FE6D665}"
EndProject
Project("{FAE04EC0-301F-11D3-BF4B-00C04F79EFBC}") = "bigsort.test", "bigsort.test\bigsort.test.csproj", "{765D36B4-6ECB-42F3-A8A3-55B318BD4DAF}"
EndProject
Global
	GlobalSection(SolutionConfigurationPlatforms) = preSolution
		Debug|Any CPU = Debug|Any CPU
		Release|Any CPU = Release|Any CPU
	EndGlobalSection
	GlobalSection(ProjectConfigurationPlatforms) = postSolution
		{FCDC9ADE-5DF1-465A-B430-CD121FE6D665}.Debug|Any CPU.ActiveCfg = Debug|Any CPU
		{FCDC9ADE-5DF1-465A-B430-CD121FE6D665}.Debug|Any CPU.Build.0 = Debug|Any CPU
		{FCDC9ADE-5DF1-465A-B430-CD121FE6D665}.Release|Any CPU.ActiveCfg = Release|Any CPU
		{FCDC9ADE-5DF1-465A-B430-CD121FE6D665}.Release|Any CPU.Build.0 = Release|Any CPU
		{765D36B4-6ECB-42F3-A8A3-55B318BD4DAF}.Debug|Any CPU.ActiveCfg = Debug|Any CPU
		{765D36B4-6ECB-42F3-A8A3-55B318BD4DAF}.Debug|Any CPU.Build.0 = Debug|Any CPU
		{765D36B4-6ECB-42F3-A8A3-55B318BD4DAF}.Release|Any CPU.ActiveCfg = Release|Any CPU
		{765D36B4-6ECB-42F3-A8A3-55B318BD4DAF}.Release|Any CPU.Build.0 = Release|Any CPU
	EndGlobalSection
	GlobalSection(SolutionProperties) = preSolution
		HideSolutionNode = FALSE
	EndGlobalSection
	GlobalSection(ExtensibilityGlobals) = postSolution
		SolutionGuid = {0E8B747D-942B-4B7C-90E1-724FE9D3D38A}
	EndGlobalSection
EndGlobal
